
Microsoft Visual Studio Solution File, Format Version 12.00
# Visual Studio Version 17
VisualStudioVersion = 17.0.32014.148
MinimumVisualStudioVersion = 10.0.40219.1
Project("{FAE04EC0-301F-11D3-BF4B-00C04F79EFBC}") = "syf81_odv2", "syf81_odv2\syf81_odv2.csproj", "{7E965426-C618-4030-B1B1-95795C9F67CE}"
EndProject
Global
	GlobalSection(SolutionConfigurationPlatforms) = preSolution
		Debug|Any CPU = Debug|Any CPU
		Release|Any CPU = Release|Any CPU
	EndGlobalSection
	GlobalSection(ProjectConfigurationPlatforms) = postSolution
		{7E965426-C618-4030-B1B1-95795C9F67CE}.Debug|Any CPU.ActiveCfg = Debug|Any CPU
		{7E965426-C618-4030-B1B1-95795C9F67CE}.Debug|Any CPU.Build.0 = Debug|Any CPU
		{7E965426-C618-4030-B1B1-95795C9F67CE}.Release|Any CPU.ActiveCfg = Release|Any CPU
		{7E965426-C618-4030-B1B1-95795C9F67CE}.Release|Any CPU.Build.0 = Release|Any CPU
	EndGlobalSection
	GlobalSection(SolutionProperties) = preSolution
		HideSolutionNode = FALSE
	EndGlobalSection
	GlobalSection(ExtensibilityGlobals) = postSolution
		SolutionGuid = {F6874D65-2D22-4BED-85F6-E75E0AF31E46}
	EndGlobalSection
EndGlobal
